
Microsoft Visual Studio Solution File, Format Version 11.00
# Visual Studio 2010
Project("{8BC9CEB8-8B4A-11D0-8D11-00A0C91BC942}") = "DrowScreen", "DrowScreen\DrowScreen.vcxproj", "{D4E51679-F917-4FC7-BBBC-4C369B79A817}"
EndProject
Project("{8BC9CEB8-8B4A-11D0-8D11-00A0C91BC942}") = "MouseHook", "MouseHook\MouseHook.vcxproj", "{1D0ED0F7-D8A0-4714-A0E2-F2551E797DE5}"
EndProject
Global
	GlobalSection(SolutionConfigurationPlatforms) = preSolution
		Debug|Win32 = Debug|Win32
		Release|Win32 = Release|Win32
	EndGlobalSection
	GlobalSection(ProjectConfigurationPlatforms) = postSolution
		{D4E51679-F917-4FC7-BBBC-4C369B79A817}.Debug|Win32.ActiveCfg = Debug|Win32
		{D4E51679-F917-4FC7-BBBC-4C369B79A817}.Debug|Win32.Build.0 = Debug|Win32
		{D4E51679-F917-4FC7-BBBC-4C369B79A817}.Release|Win32.ActiveCfg = Release|Win32
		{D4E51679-F917-4FC7-BBBC-4C369B79A817}.Release|Win32.Build.0 = Release|Win32
		{1D0ED0F7-D8A0-4714-A0E2-F2551E797DE5}.Debug|Win32.ActiveCfg = Debug|Win32
		{1D0ED0F7-D8A0-4714-A0E2-F2551E797DE5}.Debug|Win32.Build.0 = Debug|Win32
		{1D0ED0F7-D8A0-4714-A0E2-F2551E797DE5}.Release|Win32.ActiveCfg = Release|Win32
		{1D0ED0F7-D8A0-4714-A0E2-F2551E797DE5}.Release|Win32.Build.0 = Release|Win32
	EndGlobalSection
	GlobalSection(SolutionProperties) = preSolution
		HideSolutionNode = FALSE
	EndGlobalSection
EndGlobal
